version = 1
revision = 1
requires-python = ">=3.11"

[[package]]
name = "bsutils"
version = "0.0.1"
source = { editable = "." }
dependencies = [
    { name = "pyjson5" },
]

[package.metadata]
requires-dist = [{ name = "pyjson5", specifier = ">=1.6.8" }]

[[package]]
name = "pyjson5"
version = "1.6.8"
source = { registry = "https://mirrors.bfsu.edu.cn/pypi/web/simple" }
sdist = { url = "https://mirrors.bfsu.edu.cn/pypi/web/packages/8e/27/76ff4f9c71b353b8171fe9a8bda20612b7b12f9728d619a5c6df1e279bce/pyjson5-1.6.8.tar.gz", hash = "sha256:b3ecee050a8a4b03cc4f1a7e9a0c478be757b46578fda1ea0f16ac8a24ba8e7a", size = 300019 }
wheels = [
    { url = "https://mirrors.bfsu.edu.cn/pypi/web/packages/63/b2/63018e8f0c50cb29a5e160cb63df1729a35e3a2b80e53c76b66bcdb81332/pyjson5-1.6.8-cp311-cp311-macosx_10_9_universal2.whl", hash = "sha256:571534c8b64116b411a66ab50cb04e9c7f0b574cbfefacd5bc31f97d5395965a", size = 319262 },
    { url = "https://mirrors.bfsu.edu.cn/pypi/web/packages/51/52/3982a3dfccb2c51085c1db44925660c33cbd280dd466b4393679f15fdc66/pyjson5-1.6.8-cp311-cp311-macosx_10_9_x86_64.whl", hash = "sha256:9ae405a054886d544fbbd909f66dcfb5ae5a86a377c70d43799aa4691ac6e9ef", size = 168205 },
    { url = "https://mirrors.bfsu.edu.cn/pypi/web/packages/65/1e/e6ecd7b6260a591f233f4618c0571e947cc3ebf0d45ce9890ed08813bf72/pyjson5-1.6.8-cp311-cp311-macosx_11_0_arm64.whl", hash = "sha256:970345b95004f12b5e7694b954c6c734497cfd52195e3cd36b8f44c81b858683", size = 160302 },
    { url = "https://mirrors.bfsu.edu.cn/pypi/web/packages/53/80/394cc82e473755ba58d444a58552959bc3699b16efd6fab7342c6e500ab7/pyjson5-1.6.8-cp311-cp311-manylinux_2_17_aarch64.manylinux2014_aarch64.whl", hash = "sha256:51d8ef9626ceb75352fa0bc2a99c173de493c910e5b0de9dfeee2680c4eeafd4", size = 185352 },
    { url = "https://mirrors.bfsu.edu.cn/pypi/web/packages/42/ca/aaacc738ab060f2bf59bc103984282cecfcc409eedb9a26a3efbd198708e/pyjson5-1.6.8-cp311-cp311-manylinux_2_17_armv7l.manylinux2014_armv7l.manylinux_2_31_armv7l.whl", hash = "sha256:6bda3c48c5eb1ac4daee5dd5204e38e6751f74ad23840a8d98f25582578a3852", size = 181522 },
    { url = "https://mirrors.bfsu.edu.cn/pypi/web/packages/c1/1f/6adfb036de63b1b87a0f029a93b6f69bc80d761640d31d299d7b24ac1d4b/pyjson5-1.6.8-cp311-cp311-manylinux_2_17_ppc64le.manylinux2014_ppc64le.whl", hash = "sha256:0e39d7414ea02439bbd4f7d0c9fb2607a4cda1061eeee853bb046b2df39f0b26", size = 207132 },
    { url = "https://mirrors.bfsu.edu.cn/pypi/web/packages/53/d7/400719eaf14f2e0a7c286cf5c4b3d49bd70733b5be0257e8646a89abb98c/pyjson5-1.6.8-cp311-cp311-manylinux_2_17_s390x.manylinux2014_s390x.whl", hash = "sha256:95295503ee7fa7a9428425da22e88ae2513f8e353fd25b653c58248ab706e2e1", size = 185029 },
    { url = "https://mirrors.bfsu.edu.cn/pypi/web/packages/a7/b2/dee2ab08517d1bc594ff8bda230a538631951cc0c706409be8a4736b0b09/pyjson5-1.6.8-cp311-cp311-manylinux_2_17_x86_64.manylinux2014_x86_64.whl", hash = "sha256:2ae856525e4d178a05771c4c593c8ec5625480d916cd81e544f5abd9376e929c", size = 192611 },
    { url = "https://mirrors.bfsu.edu.cn/pypi/web/packages/e3/55/e81828c936bdf48ef46f08a227a45b1d096312e5b09872932697b31a6ade/pyjson5-1.6.8-cp311-cp311-manylinux_2_5_i686.manylinux1_i686.manylinux_2_17_i686.manylinux2014_i686.whl", hash = "sha256:404a227befcb3a18736869b89bb0269de102ce1f671bfd0b7deb8c23f345f71b", size = 206703 },
    { url = "https://mirrors.bfsu.edu.cn/pypi/web/packages/81/65/6500044f77797d7721dcd8d8115311c774b0895ebcd27c272782ff26b615/pyjson5-1.6.8-cp311-cp311-musllinux_1_2_aarch64.whl", hash = "sha256:32857cec9deb18fa4edb9dccf261066f7d5b2b4fadc901cbe99938d553ae5bfa", size = 1126027 },
    { url = "https://mirrors.bfsu.edu.cn/pypi/web/packages/b4/b1/c9642346c9fcc5c15f875746420c11f0706fa54db330feeb2be8bf56131e/pyjson5-1.6.8-cp311-cp311-musllinux_1_2_armv7l.whl", hash = "sha256:1fa3b0a34920615c555958b7656e450fc682bdf61410814495b7947168ca529b", size = 1000840 },
    { url = "https://mirrors.bfsu.edu.cn/pypi/web/packages/05/97/6ef37c05e16a667da90a7ec5ef96f139965ebc23ba95819569d3765377ef/pyjson5-1.6.8-cp311-cp311-musllinux_1_2_i686.whl", hash = "sha256:89eeb08b5e77f59ac9040bbd93be637a8ea829c06173316756e2e9026dcf2393", size = 1287467 },
    { url = "https://mirrors.bfsu.edu.cn/pypi/web/packages/fc/35/76bac3da28922a902ab8f1cb653db28b68e2bf68d271c263eb9557003eda/pyjson5-1.6.8-cp311-cp311-musllinux_1_2_ppc64le.whl", hash = "sha256:78bd729b58d590e2c0892c6c33d555e93d16bf86e38c296ff0525278973ae4d2", size = 1240252 },
    { url = "https://mirrors.bfsu.edu.cn/pypi/web/packages/43/e1/7b970ccba2b8f74cf8c721785d1393d6e4098c0eefe2893027adeed9a559/pyjson5-1.6.8-cp311-cp311-musllinux_1_2_s390x.whl", hash = "sha256:d27f71da8a9d5de12e1c2c7ea060b029778efc5c0611de6401c1c3142991038d", size = 1327760 },
    { url = "https://mirrors.bfsu.edu.cn/pypi/web/packages/a7/f4/7dc2eca05992994b28d0a531d2be7daea761b72bcbb2ea89bf6fc33b137a/pyjson5-1.6.8-cp311-cp311-musllinux_1_2_x86_64.whl", hash = "sha256:1abe62fa9cc8cad77a52979a17aa092fe55630c7dd5b37156e64f4fb278aebc9", size = 1187553 },
    { url = "https://mirrors.bfsu.edu.cn/pypi/web/packages/da/2a/875df1fb3b8147fcfeaa65843e7e72190c1f9312a5e02289c4dfbc1929d3/pyjson5-1.6.8-cp311-cp311-win32.whl", hash = "sha256:f89dfaf06fccbefcbca50f6a435b70cd47a46612be17114cac8fb6f85e65d0b2", size = 125864 },
    { url = "https://mirrors.bfsu.edu.cn/pypi/web/packages/e8/f3/a2c83672129e50ea1268344c3b6210952435f8174108d2f0937f2992e862/pyjson5-1.6.8-cp311-cp311-win_amd64.whl", hash = "sha256:4fe4971ff95058bf25b9eb2928ee01b63ff89dff3625baeb1ba414b42f09017a", size = 141933 },
    { url = "https://mirrors.bfsu.edu.cn/pypi/web/packages/3f/46/dd13e899de849dc1116015016aa81fd1462a37fd2a406cad94c6496b8548/pyjson5-1.6.8-cp311-cp311-win_arm64.whl", hash = "sha256:a903d111e4f0cf383a6e09e2c1e85152a2aa9d25b364c813025f6a947a10db60", size = 127662 },
    { url = "https://mirrors.bfsu.edu.cn/pypi/web/packages/ff/3a/0ed2cdfdb67eaaa73dc28686eebee1805bd7edfa0e8f85cc0f0a7d71641e/pyjson5-1.6.8-cp312-cp312-macosx_10_13_universal2.whl", hash = "sha256:d7b4a4b36a8748011c7586d4bba3eb403d82bdb62605e7478f2c8b11c7e01711", size = 327150 },
    { url = "https://mirrors.bfsu.edu.cn/pypi/web/packages/60/60/c9e84e3b2520f7b67412173c7d17d98ab24fbef874bcfcf51eb83622fa9a/pyjson5-1.6.8-cp312-cp312-macosx_10_13_x86_64.whl", hash = "sha256:9ee2f077cf05daa9aaf3c750b63cce5b5671cf8fa848b29beaf1030a08d94fda", size = 173668 },
    { url = "https://mirrors.bfsu.edu.cn/pypi/web/packages/ae/dd/4c9569654dc42c42d2a029e77e4371687bfb6f9f4afda6f1c8adda5d655d/pyjson5-1.6.8-cp312-cp312-macosx_11_0_arm64.whl", hash = "sha256:2bbfdeeb531f79730899ef674d80dd6b6bc7c29fe3789660115f0ba66eef834f", size = 162740 },
    { url = "https://mirrors.bfsu.edu.cn/pypi/web/packages/fb/6f/976aed9c5fe81cafda04bb470196c790fec78bfc057ea0a8a5e84ef4671e/pyjson5-1.6.8-cp312-cp312-manylinux_2_17_aarch64.manylinux2014_aarch64.whl", hash = "sha256:8fe8ba077a6ef01e6493696c27455eeae64e39ff4bd71a1a7bb66af40be7232c", size = 174476 },
    { url = "https://mirrors.bfsu.edu.cn/pypi/web/packages/da/8b/ab7fcfe3c07ecd1d71dec2b1062755950d8e211808f602ff60cf31264820/pyjson5-1.6.8-cp312-cp312-manylinux_2_17_armv7l.manylinux2014_armv7l.manylinux_2_31_armv7l.whl", hash = "sha256:701db0660e434fae000e5d4d49efc0b80fbeedf938cbcc8b6d72c229d395feca", size = 177611 },
    { url = "https://mirrors.bfsu.edu.cn/pypi/web/packages/6a/64/8e52e7950da4855adbcbffa4a89864685995b692802a768ea31675e2c5c7/pyjson5-1.6.8-cp312-cp312-manylinux_2_17_ppc64le.manylinux2014_ppc64le.whl", hash = "sha256:515c89e7063100bcc7c67292559bdd926da19b59fe00281e9dd2fa83f30747f1", size = 195618 },
    { url = "https://mirrors.bfsu.edu.cn/pypi/web/packages/dd/1a/957fea06a1e6ba34767411f2a4c6a926b32f5181a16e5505de9aca85847f/pyjson5-1.6.8-cp312-cp312-manylinux_2_17_s390x.manylinux2014_s390x.whl", hash = "sha256:d622733cf671c8104a2936b3ff589903fa4e2fec5db4e2679297219446d944a7", size = 175521 },
    { url = "https://mirrors.bfsu.edu.cn/pypi/web/packages/dc/7d/cc11b4283a6f255bea76458d663d1d41de396bc50100f2f7af603dbe6d65/pyjson5-1.6.8-cp312-cp312-manylinux_2_17_x86_64.manylinux2014_x86_64.whl", hash = "sha256:a4577a18545f3f4461df46d3d38d85659b16a77ca8975289ef6f21e1c228f7bf", size = 185277 },
    { url = "https://mirrors.bfsu.edu.cn/pypi/web/packages/94/21/5187cc7105934e7ac1dfbfabd33bc517618f62a78c7357544f53653bf373/pyjson5-1.6.8-cp312-cp312-manylinux_2_5_i686.manylinux1_i686.manylinux_2_17_i686.manylinux2014_i686.whl", hash = "sha256:b0cd98871646bfb2236cfdc0ae87f8ae8f1f631133b99fef5e74307248c4ae8d", size = 196515 },
    { url = "https://mirrors.bfsu.edu.cn/pypi/web/packages/6d/05/2f4943349dd6814f3f24ce515ef06864f9d0351b20d69c978dd66c07fa1f/pyjson5-1.6.8-cp312-cp312-musllinux_1_2_aarch64.whl", hash = "sha256:5a379911161545aa57bd6cd97f249cabcfe5990688f4dff9a8f328f5f6f231d3", size = 1119222 },
    { url = "https://mirrors.bfsu.edu.cn/pypi/web/packages/40/62/1d78786fbd998937849e9364dc034f68fd43fa1e619dbfc71a0b57e50031/pyjson5-1.6.8-cp312-cp312-musllinux_1_2_armv7l.whl", hash = "sha256:24c6206f508c169034fd851eb87af3aec893d2eca3bf14df65eecc520da16883", size = 997285 },
    { url = "https://mirrors.bfsu.edu.cn/pypi/web/packages/ad/3a/c57b9724b471e61d38123eef69eed09b6ec7fd2a144f56e49c96b11a7458/pyjson5-1.6.8-cp312-cp312-musllinux_1_2_i686.whl", hash = "sha256:fd21ce9dd4733347b6a426f4f943dd20547befbd6ef502b7480944c84a1425a3", size = 1276952 },
    { url = "https://mirrors.bfsu.edu.cn/pypi/web/packages/db/fa/81257989504d1442d272e86e03b9d1c4b7e355e0034c0d6c51f1ac5e3229/pyjson5-1.6.8-cp312-cp312-musllinux_1_2_ppc64le.whl", hash = "sha256:7a11d3cd6114de90364c24876f1cd47dcecaffb47184ffffb01eb585c8810f4b", size = 1229440 },
    { url = "https://mirrors.bfsu.edu.cn/pypi/web/packages/89/88/8d63d86d871bd60ec43030509ea58e216a635fdf723290071e159689e4e2/pyjson5-1.6.8-cp312-cp312-musllinux_1_2_s390x.whl", hash = "sha256:4a58185b9ac3adfed0adf539be7293d76fe0f7c515b6f9982b225c8084027255", size = 1318444 },
    { url = "https://mirrors.bfsu.edu.cn/pypi/web/packages/e4/59/1a89268f650c9d8ef73f97ff9adeab1e0f40b8bf09d82fac840e26f8154d/pyjson5-1.6.8-cp312-cp312-musllinux_1_2_x86_64.whl", hash = "sha256:77f4724dcb646c2d40ad45d5aa7a5af86d54dc38c78e27b795418ecca23248bb", size = 1177145 },
    { url = "https://mirrors.bfsu.edu.cn/pypi/web/packages/e1/45/cc1967749b08a701ddeb743cd432a9a6ddbff188a1b1294d061823d22993/pyjson5-1.6.8-cp312-cp312-win32.whl", hash = "sha256:cc414b6ab28ed75d761c825f1150c19dd9a8f9b2268ee6af0173d148f018a8c5", size = 127509 },
    { url = "https://mirrors.bfsu.edu.cn/pypi/web/packages/d6/07/430e3a960daf322e7f4b82515ec64d6f2febccdeba31a421c2daab8a1786/pyjson5-1.6.8-cp312-cp312-win_amd64.whl", hash = "sha256:3fd513eaffba7b72d56bd5b26a92e2edb3694602adcaf3414a9f7d6c4c5d9be7", size = 143885 },
    { url = "https://mirrors.bfsu.edu.cn/pypi/web/packages/74/17/1a2002b6ee6b6bd7abba860afa7c8f76f6cde88a8493f7db6e14b5681fcb/pyjson5-1.6.8-cp312-cp312-win_arm64.whl", hash = "sha256:f8d5a208b8954758c75f8e8ae28d195bac3fae24ce9b51f6261b401e4ccce116", size = 127142 },
    { url = "https://mirrors.bfsu.edu.cn/pypi/web/packages/ee/e1/2d85c838a9a702f6d4134cbccc85f8811f96f0889ca0f642dd4e1cecae66/pyjson5-1.6.8-cp313-cp313-macosx_10_13_universal2.whl", hash = "sha256:681e52df0705056dc39cf7d7bec4161e2769437fdf89f55084a4b060e9bbbfc9", size = 325120 },
    { url = "https://mirrors.bfsu.edu.cn/pypi/web/packages/42/43/3b2a26ca84573209616675d63ffe559a6e8b73488d6c11e4a45f0204fc3e/pyjson5-1.6.8-cp313-cp313-macosx_10_13_x86_64.whl", hash = "sha256:1550dc70199401056f80acfc503da36de2df70dd4364a0efb654ffe7e9246ac6", size = 172648 },
    { url = "https://mirrors.bfsu.edu.cn/pypi/web/packages/9d/cd/ad93170f8b7934b13e5a340daed934e7a8591e5d08abf3f50ab144a2663d/pyjson5-1.6.8-cp313-cp313-macosx_11_0_arm64.whl", hash = "sha256:77005662014809a7b8b78f984131a3751295ff102f4c62b452bbdac946360166", size = 161830 },
    { url = "https://mirrors.bfsu.edu.cn/pypi/web/packages/21/d3/dffd61a6b17680f39d5aaea24297ddf13d03064fb9ab5987de4bb619bd79/pyjson5-1.6.8-cp313-cp313-manylinux_2_17_aarch64.manylinux2014_aarch64.whl", hash = "sha256:65f2922cc8fd6b1e9cc8ff7e5fe975f7bf111c03eb06ed9b2ee793e6870d3212", size = 173697 },
    { url = "https://mirrors.bfsu.edu.cn/pypi/web/packages/b8/72/9566b6ec24c11293d2bb91be24492afaf9e339781057b355129a7d262050/pyjson5-1.6.8-cp313-cp313-manylinux_2_17_armv7l.manylinux2014_armv7l.manylinux_2_31_armv7l.whl", hash = "sha256:d83e0bc87d94baa39703c1d7139c5ce7ff025a53a34251762128713a294cf147", size = 177518 },
    { url = "https://mirrors.bfsu.edu.cn/pypi/web/packages/4b/2c/e615aca4b7e8f1c3b4d5520b8ec6b808a5320e19be8ccd6828b016e46b77/pyjson5-1.6.8-cp313-cp313-manylinux_2_17_ppc64le.manylinux2014_ppc64le.whl", hash = "sha256:72fa22291149e8731c4bbc225cf75a41a049a54903018ca670c849658c1edc04", size = 193327 },
    { url = "https://mirrors.bfsu.edu.cn/pypi/web/packages/62/64/f06dec3ec3c7501d5a969d9aec1403898b70a2817225db749c8219203229/pyjson5-1.6.8-cp313-cp313-manylinux_2_17_s390x.manylinux2014_s390x.whl", hash = "sha256:3948742ff2d2f222ab87cc77d8c6ce8a9ef063fe2904f8fa88309611a128147a", size = 174453 },
    { url = "https://mirrors.bfsu.edu.cn/pypi/web/packages/d4/ca/f5b147b8a186e37a9339290dd9c8271aae94eab0307169124ec83c74aa99/pyjson5-1.6.8-cp313-cp313-manylinux_2_17_x86_64.manylinux2014_x86_64.whl", hash = "sha256:94e1b9d219f40bebbb6285840b094eca523481cf199cd46154044dae333d492d", size = 184161 },
    { url = "https://mirrors.bfsu.edu.cn/pypi/web/packages/1e/9d/7e7d2eaef592e350e8988a68b4d38f358894a1fb05237b6aef5cd25fea8a/pyjson5-1.6.8-cp313-cp313-manylinux_2_5_i686.manylinux1_i686.manylinux_2_17_i686.manylinux2014_i686.whl", hash = "sha256:2dea723f88e89dba1d4a6542c5527cac7ecff6755291ad2eb60e1c2f578bb69f", size = 195307 },
    { url = "https://mirrors.bfsu.edu.cn/pypi/web/packages/51/c1/1538a2064599e6e77b96e5a58dc212d0fabf18442363a0224f5fdc31a51e/pyjson5-1.6.8-cp313-cp313-musllinux_1_2_aarch64.whl", hash = "sha256:06b857a5a36f2bad52267d1a57a880cd62c3b0d3f3a719ab8599a1d5465e2417", size = 1121719 },
    { url = "https://mirrors.bfsu.edu.cn/pypi/web/packages/21/36/4af2c28aa6a0a9c2f839d2f63613605c11d0294d5a8dadcf65cc6b7e4f5c/pyjson5-1.6.8-cp313-cp313-musllinux_1_2_armv7l.whl", hash = "sha256:aebdd4c5a878f125fea8b192244b1e64532561a315725502eee8d7629598882f", size = 995812 },
    { url = "https://mirrors.bfsu.edu.cn/pypi/web/packages/55/63/1c7c7797113aee8fd6bbebf56ac2603681635dd7bab73bd14d5ad34b48d1/pyjson5-1.6.8-cp313-cp313-musllinux_1_2_i686.whl", hash = "sha256:10688e75fd9f18e34dddd111cafd87cca6727837469b8bfb61f2d2685490f976", size = 1279088 },
    { url = "https://mirrors.bfsu.edu.cn/pypi/web/packages/b4/c1/1121519c37ce70e4d1d4e5f714f5e0121313b79421ba8495a130cdad5d1e/pyjson5-1.6.8-cp313-cp313-musllinux_1_2_ppc64le.whl", hash = "sha256:e3aee51ef5feb4409ff36713f70251265b04c18c8322bc91d2578759225e918d", size = 1229957 },
    { url = "https://mirrors.bfsu.edu.cn/pypi/web/packages/84/39/3618b8e0dbc53233afd99c867d0f4fa7d8cc36489949d18dc833e692f7f3/pyjson5-1.6.8-cp313-cp313-musllinux_1_2_s390x.whl", hash = "sha256:5e7f5b92460dc69ce27814d4ab546e3bae84b9b2e26f29701ad7fab637e6bf2f", size = 1318799 },
    { url = "https://mirrors.bfsu.edu.cn/pypi/web/packages/90/ae/353ce74183d884b56407d29ebc3aab63d23ca7dfb9e9a75208737a917e11/pyjson5-1.6.8-cp313-cp313-musllinux_1_2_x86_64.whl", hash = "sha256:b77c94296cd0763bc2d7d276cb53dbc97edeacfbc50c02103521d586ca91ff37", size = 1180476 },
    { url = "https://mirrors.bfsu.edu.cn/pypi/web/packages/8c/df/f8afe0318b0b628a8c8abce57ffccb7afd0df9aab08bb08f4c2de5008854/pyjson5-1.6.8-cp313-cp313-win32.whl", hash = "sha256:260b6f2d7148f5fa23d817b82e9960a75a44678116d6a5513bed4e88d6697343", size = 127415 },
    { url = "https://mirrors.bfsu.edu.cn/pypi/web/packages/67/d9/9bd17bc0c99d2d917900114d548414f609ea81947e58f6525068d673fc77/pyjson5-1.6.8-cp313-cp313-win_amd64.whl", hash = "sha256:fe03568ca61050f00c951501d70aaf68064ab5fecb3d84961ce743102cc81036", size = 143519 },
    { url = "https://mirrors.bfsu.edu.cn/pypi/web/packages/ee/6d/8f35cab314cab3b67681ec072e7acb6432bee3ebc45dcf11fd8b6535cb57/pyjson5-1.6.8-cp313-cp313-win_arm64.whl", hash = "sha256:f984d06902b2096206d15bcbc6f0c75c024de295294ca04c8c11aedc871e2da0", size = 126843 },
]
